
Microsoft Visual Studio Solution File, Format Version 12.00
# Visual Studio 15
VisualStudioVersion = 15.0.28307.1267
MinimumVisualStudioVersion = 10.0.40219.1
Project("{FAE04EC0-301F-11D3-BF4B-00C04F79EFBC}") = "LumaviewMicroscopeBoardInit", "LumaviewMicroscopeBoardInit\LumaviewMicroscopeBoardInit.csproj", "{DD2B2DF9-766A-4F4C-A515-CDEB3A8739F2}"
	ProjectSection(ProjectDependencies) = postProject
		{89BBCEFA-838C-460B-B67E-C9DE11E19086} = {89BBCEFA-838C-460B-B67E-C9DE11E19086}
	EndProjectSection
EndProject
Project("{FAE04EC0-301F-11D3-BF4B-00C04F79EFBC}") = "LumaScopeInitialization", "LumaScopeInitialization\LumaScopeInitialization.csproj", "{89BBCEFA-838C-460B-B67E-C9DE11E19086}"
EndProject
Project("{2150E333-8FDC-42A3-9474-1A3956D46DE8}") = "Python_Script", "Python_Script", "{49572F20-61ED-413D-BBA5-E90855DDA557}"
	ProjectSection(SolutionItems) = preProject
		main.py = main.py
		PythonDescription.txt = PythonDescription.txt
		requirements.txt = requirements.txt
	EndProjectSection
EndProject
Global
	GlobalSection(SolutionConfigurationPlatforms) = preSolution
		Debug|Any CPU = Debug|Any CPU
		Release|Any CPU = Release|Any CPU
	EndGlobalSection
	GlobalSection(ProjectConfigurationPlatforms) = postSolution
		{DD2B2DF9-766A-4F4C-A515-CDEB3A8739F2}.Debug|Any CPU.ActiveCfg = Debug|Any CPU
		{DD2B2DF9-766A-4F4C-A515-CDEB3A8739F2}.Debug|Any CPU.Build.0 = Debug|Any CPU
		{DD2B2DF9-766A-4F4C-A515-CDEB3A8739F2}.Release|Any CPU.ActiveCfg = Release|Any CPU
		{DD2B2DF9-766A-4F4C-A515-CDEB3A8739F2}.Release|Any CPU.Build.0 = Release|Any CPU
		{89BBCEFA-838C-460B-B67E-C9DE11E19086}.Debug|Any CPU.ActiveCfg = Debug|Any CPU
		{89BBCEFA-838C-460B-B67E-C9DE11E19086}.Debug|Any CPU.Build.0 = Debug|Any CPU
		{89BBCEFA-838C-460B-B67E-C9DE11E19086}.Release|Any CPU.ActiveCfg = Release|Any CPU
		{89BBCEFA-838C-460B-B67E-C9DE11E19086}.Release|Any CPU.Build.0 = Release|Any CPU
	EndGlobalSection
	GlobalSection(SolutionProperties) = preSolution
		HideSolutionNode = FALSE
	EndGlobalSection
	GlobalSection(ExtensibilityGlobals) = postSolution
		SolutionGuid = {FD09592A-C138-45E1-B91D-304B991C6D2D}
	EndGlobalSection
EndGlobal
